
Microsoft Visual Studio Solution File, Format Version 12.00
# Visual Studio 15
VisualStudioVersion = 15.0.27004.2010
MinimumVisualStudioVersion = 10.0.40219.1
Project("{9A19103F-16F7-4668-BE54-9A1E7A4F7556}") = "Domain.Tests", "Domain.Tests\Domain.Tests.csproj", "{84358480-54E0-4C79-8842-CB4F92F3822D}"
EndProject
Project("{F2A71F9B-5D33-465A-A702-920D77279786}") = "Domain.FSharp", "Domain.FSharp\Domain.FSharp.fsproj", "{59097E59-1C74-41B7-B100-504C02C83773}"
EndProject
Global
	GlobalSection(SolutionConfigurationPlatforms) = preSolution
		Debug|Any CPU = Debug|Any CPU
		Release|Any CPU = Release|Any CPU
	EndGlobalSection
	GlobalSection(ProjectConfigurationPlatforms) = postSolution
		{84358480-54E0-4C79-8842-CB4F92F3822D}.Debug|Any CPU.ActiveCfg = Debug|Any CPU
		{84358480-54E0-4C79-8842-CB4F92F3822D}.Debug|Any CPU.Build.0 = Debug|Any CPU
		{84358480-54E0-4C79-8842-CB4F92F3822D}.Release|Any CPU.ActiveCfg = Release|Any CPU
		{84358480-54E0-4C79-8842-CB4F92F3822D}.Release|Any CPU.Build.0 = Release|Any CPU
		{59097E59-1C74-41B7-B100-504C02C83773}.Debug|Any CPU.ActiveCfg = Debug|Any CPU
		{59097E59-1C74-41B7-B100-504C02C83773}.Debug|Any CPU.Build.0 = Debug|Any CPU
		{59097E59-1C74-41B7-B100-504C02C83773}.Release|Any CPU.ActiveCfg = Release|Any CPU
		{59097E59-1C74-41B7-B100-504C02C83773}.Release|Any CPU.Build.0 = Release|Any CPU
	EndGlobalSection
	GlobalSection(SolutionProperties) = preSolution
		HideSolutionNode = FALSE
	EndGlobalSection
	GlobalSection(ExtensibilityGlobals) = postSolution
		SolutionGuid = {27652DFD-7D30-4A86-B932-9FCDA940DE1F}
	EndGlobalSection
EndGlobal
